
Microsoft Visual Studio Solution File, Format Version 12.00
# Visual Studio Version 16
VisualStudioVersion = 16.0.30907.101
MinimumVisualStudioVersion = 10.0.40219.1
Project("{FAE04EC0-301F-11D3-BF4B-00C04F79EFBC}") = "MyList", "MyList\MyList.csproj", "{C399123F-9CEE-4621-B117-B49356177EF9}"
EndProject
Global
	GlobalSection(SolutionConfigurationPlatforms) = preSolution
		Debug|Any CPU = Debug|Any CPU
		Release|Any CPU = Release|Any CPU
	EndGlobalSection
	GlobalSection(ProjectConfigurationPlatforms) = postSolution
		{C399123F-9CEE-4621-B117-B49356177EF9}.Debug|Any CPU.ActiveCfg = Debug|Any CPU
		{C399123F-9CEE-4621-B117-B49356177EF9}.Debug|Any CPU.Build.0 = Debug|Any CPU
		{C399123F-9CEE-4621-B117-B49356177EF9}.Release|Any CPU.ActiveCfg = Release|Any CPU
		{C399123F-9CEE-4621-B117-B49356177EF9}.Release|Any CPU.Build.0 = Release|Any CPU
	EndGlobalSection
	GlobalSection(SolutionProperties) = preSolution
		HideSolutionNode = FALSE
	EndGlobalSection
	GlobalSection(ExtensibilityGlobals) = postSolution
		SolutionGuid = {91360F97-F813-4630-8667-E93B1B6B123D}
	EndGlobalSection
EndGlobal
